// !$*UTF8*$!
{
	archiveVersion = 1;
	classes = {
	};
	objectVersion = 56;
	objects = {

/* Begin PBXBuildFile section */
		4F2AC7042C8E28C5006ECADC /* CurrentCity in Frameworks */ = {isa = PBXBuildFile; productRef = 4F2AC7032C8E28C5006ECADC /* CurrentCity */; };
		4F67E5AD2C8E207B0090B2F3 /* Weather in Frameworks */ = {isa = PBXBuildFile; productRef = 4F67E5AC2C8E207B0090B2F3 /* Weather */; };
		4F777FCF2C8E2A88005E8627 /* TicTacToe in Frameworks */ = {isa = PBXBuildFile; productRef = 4F777FCE2C8E2A88005E8627 /* TicTacToe */; };
		4F777FD22C8E2BEE005E8627 /* Fifteen in Frameworks */ = {isa = PBXBuildFile; productRef = 4F777FD12C8E2BEE005E8627 /* Fifteen */; };
		4F82BD2B2C8E2E3A0083FC81 /* MathGame in Frameworks */ = {isa = PBXBuildFile; productRef = 4F82BD2A2C8E2E3A0083FC81 /* MathGame */; };
		4FC42C4D2C89F1BF00CFA06E /* AppDelegate.swift in Sources */ = {isa = PBXBuildFile; fileRef = 4FC42C4C2C89F1BF00CFA06E /* AppDelegate.swift */; };
		4FC42C4F2C89F1BF00CFA06E /* SceneDelegate.swift in Sources */ = {isa = PBXBuildFile; fileRef = 4FC42C4E2C89F1BF00CFA06E /* SceneDelegate.swift */; };
		4FC42C562C89F1C000CFA06E /* Assets.xcassets in Resources */ = {isa = PBXBuildFile; fileRef = 4FC42C552C89F1C000CFA06E /* Assets.xcassets */; };
		4FC42C612C89F1F500CFA06E /* MainViewController.swift in Sources */ = {isa = PBXBuildFile; fileRef = 4FC42C602C89F1F500CFA06E /* MainViewController.swift */; };
		4FC42C632C89F20700CFA06E /* MiniAppCell.swift in Sources */ = {isa = PBXBuildFile; fileRef = 4FC42C622C89F20700CFA06E /* MiniAppCell.swift */; };
		4FC42C9F2C8E0D6A00CFA06E /* MiniAppData.swift in Sources */ = {isa = PBXBuildFile; fileRef = 4FC42C9E2C8E0D6A00CFA06E /* MiniAppData.swift */; };
/* End PBXBuildFile section */

/* Begin PBXFileReference section */
		4FC42C492C89F1BF00CFA06E /* VK_mimiApps.app */ = {isa = PBXFileReference; explicitFileType = wrapper.application; includeInIndex = 0; path = VK_mimiApps.app; sourceTree = BUILT_PRODUCTS_DIR; };
		4FC42C4C2C89F1BF00CFA06E /* AppDelegate.swift */ = {isa = PBXFileReference; lastKnownFileType = sourcecode.swift; path = AppDelegate.swift; sourceTree = "<group>"; };
		4FC42C4E2C89F1BF00CFA06E /* SceneDelegate.swift */ = {isa = PBXFileReference; lastKnownFileType = sourcecode.swift; path = SceneDelegate.swift; sourceTree = "<group>"; };
		4FC42C552C89F1C000CFA06E /* Assets.xcassets */ = {isa = PBXFileReference; lastKnownFileType = folder.assetcatalog; path = Assets.xcassets; sourceTree = "<group>"; };
		4FC42C5A2C89F1C000CFA06E /* Info.plist */ = {isa = PBXFileReference; lastKnownFileType = text.plist.xml; path = Info.plist; sourceTree = "<group>"; };
		4FC42C602C89F1F500CFA06E /* MainViewController.swift */ = {isa = PBXFileReference; lastKnownFileType = sourcecode.swift; path = MainViewController.swift; sourceTree = "<group>"; };
		4FC42C622C89F20700CFA06E /* MiniAppCell.swift */ = {isa = PBXFileReference; lastKnownFileType = sourcecode.swift; path = MiniAppCell.swift; sourceTree = "<group>"; };
		4FC42C9E2C8E0D6A00CFA06E /* MiniAppData.swift */ = {isa = PBXFileReference; lastKnownFileType = sourcecode.swift; path = MiniAppData.swift; sourceTree = "<group>"; };
/* End PBXFileReference section */

/* Begin PBXFrameworksBuildPhase section */
		4FC42C462C89F1BF00CFA06E /* Frameworks */ = {
			isa = PBXFrameworksBuildPhase;
			buildActionMask = 2147483647;
			files = (
				4F777FD22C8E2BEE005E8627 /* Fifteen in Frameworks */,
				4F777FCF2C8E2A88005E8627 /* TicTacToe in Frameworks */,
				4F67E5AD2C8E207B0090B2F3 /* Weather in Frameworks */,
				4F2AC7042C8E28C5006ECADC /* CurrentCity in Frameworks */,
				4F82BD2B2C8E2E3A0083FC81 /* MathGame in Frameworks */,
			);
			runOnlyForDeploymentPostprocessing = 0;
		};
/* End PBXFrameworksBuildPhase section */

/* Begin PBXGroup section */
		4FC42C402C89F1BF00CFA06E = {
			isa = PBXGroup;
			children = (
				4FC42C4B2C89F1BF00CFA06E /* VK_mimiApps */,
				4FC42C4A2C89F1BF00CFA06E /* Products */,
			);
			sourceTree = "<group>";
		};
		4FC42C4A2C89F1BF00CFA06E /* Products */ = {
			isa = PBXGroup;
			children = (
				4FC42C492C89F1BF00CFA06E /* VK_mimiApps.app */,
			);
			name = Products;
			sourceTree = "<group>";
		};
		4FC42C4B2C89F1BF00CFA06E /* VK_mimiApps */ = {
			isa = PBXGroup;
			children = (
				4FC42CA52C8E161100CFA06E /* Resources */,
				4FC42CA42C8E15EE00CFA06E /* Cells */,
				4FC42CA62C8E163200CFA06E /* Models */,
				4FC42C4C2C89F1BF00CFA06E /* AppDelegate.swift */,
				4FC42C4E2C89F1BF00CFA06E /* SceneDelegate.swift */,
				4FC42C602C89F1F500CFA06E /* MainViewController.swift */,
				4FC42C5A2C89F1C000CFA06E /* Info.plist */,
			);
			path = VK_mimiApps;
			sourceTree = "<group>";
		};
		4FC42CA42C8E15EE00CFA06E /* Cells */ = {
			isa = PBXGroup;
			children = (
				4FC42C622C89F20700CFA06E /* MiniAppCell.swift */,
			);
			path = Cells;
			sourceTree = "<group>";
		};
		4FC42CA52C8E161100CFA06E /* Resources */ = {
			isa = PBXGroup;
			children = (
				4FC42C552C89F1C000CFA06E /* Assets.xcassets */,
			);
			path = Resources;
			sourceTree = "<group>";
		};
		4FC42CA62C8E163200CFA06E /* Models */ = {
			isa = PBXGroup;
			children = (
				4FC42C9E2C8E0D6A00CFA06E /* MiniAppData.swift */,
			);
			path = Models;
			sourceTree = "<group>";
		};
/* End PBXGroup section */

/* Begin PBXNativeTarget section */
		4FC42C482C89F1BF00CFA06E /* VK_mimiApps */ = {
			isa = PBXNativeTarget;
			buildConfigurationList = 4FC42C5D2C89F1C000CFA06E /* Build configuration list for PBXNativeTarget "VK_mimiApps" */;
			buildPhases = (
				4FC42C452C89F1BF00CFA06E /* Sources */,
				4FC42C462C89F1BF00CFA06E /* Frameworks */,
				4FC42C472C89F1BF00CFA06E /* Resources */,
			);
			buildRules = (
			);
			dependencies = (
			);
			name = VK_mimiApps;
			packageProductDependencies = (
				4F67E5AC2C8E207B0090B2F3 /* Weather */,
				4F2AC7032C8E28C5006ECADC /* CurrentCity */,
				4F777FCE2C8E2A88005E8627 /* TicTacToe */,
				4F777FD12C8E2BEE005E8627 /* Fifteen */,
				4F82BD2A2C8E2E3A0083FC81 /* MathGame */,
			);
			productName = VK_mimiApps;
			productReference = 4FC42C492C89F1BF00CFA06E /* VK_mimiApps.app */;
			productType = "com.apple.product-type.application";
		};
/* End PBXNativeTarget section */

/* Begin PBXProject section */
		4FC42C412C89F1BF00CFA06E /* Project object */ = {
			isa = PBXProject;
			attributes = {
				BuildIndependentTargetsInParallel = 1;
				LastSwiftUpdateCheck = 1530;
				LastUpgradeCheck = 1530;
				TargetAttributes = {
					4FC42C482C89F1BF00CFA06E = {
						CreatedOnToolsVersion = 15.3;
					};
				};
			};
			buildConfigurationList = 4FC42C442C89F1BF00CFA06E /* Build configuration list for PBXProject "VK_mimiApps" */;
			compatibilityVersion = "Xcode 14.0";
			developmentRegion = en;
			hasScannedForEncodings = 0;
			knownRegions = (
				en,
				Base,
			);
			mainGroup = 4FC42C402C89F1BF00CFA06E;
			packageReferences = (
				4F67E5AB2C8E207B0090B2F3 /* XCRemoteSwiftPackageReference "weather" */,
				4F2AC7022C8E28C5006ECADC /* XCRemoteSwiftPackageReference "CurrentCity" */,
				4F777FCD2C8E2A88005E8627 /* XCRemoteSwiftPackageReference "TicTacToe" */,
				4F777FD02C8E2BEE005E8627 /* XCRemoteSwiftPackageReference "FifteenGame" */,
				4F82BD292C8E2E3A0083FC81 /* XCRemoteSwiftPackageReference "MathGame" */,
			);
			productRefGroup = 4FC42C4A2C89F1BF00CFA06E /* Products */;
			projectDirPath = "";
			projectRoot = "";
			targets = (
				4FC42C482C89F1BF00CFA06E /* VK_mimiApps */,
			);
		};
/* End PBXProject section */

/* Begin PBXResourcesBuildPhase section */
		4FC42C472C89F1BF00CFA06E /* Resources */ = {
			isa = PBXResourcesBuildPhase;
			buildActionMask = 2147483647;
			files = (
				4FC42C562C89F1C000CFA06E /* Assets.xcassets in Resources */,
			);
			runOnlyForDeploymentPostprocessing = 0;
		};
/* End PBXResourcesBuildPhase section */

/* Begin PBXSourcesBuildPhase section */
		4FC42C452C89F1BF00CFA06E /* Sources */ = {
			isa = PBXSourcesBuildPhase;
			buildActionMask = 2147483647;
			files = (
				4FC42C4D2C89F1BF00CFA06E /* AppDelegate.swift in Sources */,
				4FC42C9F2C8E0D6A00CFA06E /* MiniAppData.swift in Sources */,
				4FC42C4F2C89F1BF00CFA06E /* SceneDelegate.swift in Sources */,
				4FC42C632C89F20700CFA06E /* MiniAppCell.swift in Sources */,
				4FC42C612C89F1F500CFA06E /* MainViewController.swift in Sources */,
			);
			runOnlyForDeploymentPostprocessing = 0;
		};
/* End PBXSourcesBuildPhase section */

/* Begin XCBuildConfiguration section */
		4FC42C5B2C89F1C000CFA06E /* Debug */ = {
			isa = XCBuildConfiguration;
			buildSettings = {
				ALWAYS_SEARCH_USER_PATHS = NO;
				ASSETCATALOG_COMPILER_GENERATE_SWIFT_ASSET_SYMBOL_EXTENSIONS = YES;
				CLANG_ANALYZER_NONNULL = YES;
				CLANG_ANALYZER_NUMBER_OBJECT_CONVERSION = YES_AGGRESSIVE;
				CLANG_CXX_LANGUAGE_STANDARD = "gnu++20";
				CLANG_ENABLE_MODULES = YES;
				CLANG_ENABLE_OBJC_ARC = YES;
				CLANG_ENABLE_OBJC_WEAK = YES;
				CLANG_WARN_BLOCK_CAPTURE_AUTORELEASING = YES;
				CLANG_WARN_BOOL_CONVERSION = YES;
				CLANG_WARN_COMMA = YES;
				CLANG_WARN_CONSTANT_CONVERSION = YES;
				CLANG_WARN_DEPRECATED_OBJC_IMPLEMENTATIONS = YES;
				CLANG_WARN_DIRECT_OBJC_ISA_USAGE = YES_ERROR;
				CLANG_WARN_DOCUMENTATION_COMMENTS = YES;
				CLANG_WARN_EMPTY_BODY = YES;
				CLANG_WARN_ENUM_CONVERSION = YES;
				CLANG_WARN_INFINITE_RECURSION = YES;
				CLANG_WARN_INT_CONVERSION = YES;
				CLANG_WARN_NON_LITERAL_NULL_CONVERSION = YES;
				CLANG_WARN_OBJC_IMPLICIT_RETAIN_SELF = YES;
				CLANG_WARN_OBJC_LITERAL_CONVERSION = YES;
				CLANG_WARN_OBJC_ROOT_CLASS = YES_ERROR;
				CLANG_WARN_QUOTED_INCLUDE_IN_FRAMEWORK_HEADER = YES;
				CLANG_WARN_RANGE_LOOP_ANALYSIS = YES;
				CLANG_WARN_STRICT_PROTOTYPES = YES;
				CLANG_WARN_SUSPICIOUS_MOVE = YES;
				CLANG_WARN_UNGUARDED_AVAILABILITY = YES_AGGRESSIVE;
				CLANG_WARN_UNREACHABLE_CODE = YES;
				CLANG_WARN__DUPLICATE_METHOD_MATCH = YES;
				COPY_PHASE_STRIP = NO;
				DEBUG_INFORMATION_FORMAT = dwarf;
				ENABLE_STRICT_OBJC_MSGSEND = YES;
				ENABLE_TESTABILITY = YES;
				ENABLE_USER_SCRIPT_SANDBOXING = YES;
				GCC_C_LANGUAGE_STANDARD = gnu17;
				GCC_DYNAMIC_NO_PIC = NO;
				GCC_NO_COMMON_BLOCKS = YES;
				GCC_OPTIMIZATION_LEVEL = 0;
				GCC_PREPROCESSOR_DEFINITIONS = (
					"DEBUG=1",
					"$(inherited)",
				);
				GCC_WARN_64_TO_32_BIT_CONVERSION = YES;
				GCC_WARN_ABOUT_RETURN_TYPE = YES_ERROR;
				GCC_WARN_UNDECLARED_SELECTOR = YES;
				GCC_WARN_UNINITIALIZED_AUTOS = YES_AGGRESSIVE;
				GCC_WARN_UNUSED_FUNCTION = YES;
				GCC_WARN_UNUSED_VARIABLE = YES;
				IPHONEOS_DEPLOYMENT_TARGET = 17.4;
				LOCALIZATION_PREFERS_STRING_CATALOGS = YES;
				MTL_ENABLE_DEBUG_INFO = INCLUDE_SOURCE;
				MTL_FAST_MATH = YES;
				ONLY_ACTIVE_ARCH = YES;
				SDKROOT = iphoneos;
				SWIFT_ACTIVE_COMPILATION_CONDITIONS = "DEBUG $(inherited)";
				SWIFT_OPTIMIZATION_LEVEL = "-Onone";
			};
			name = Debug;
		};
		4FC42C5C2C89F1C000CFA06E /* Release */ = {
			isa = XCBuildConfiguration;
			buildSettings = {
				ALWAYS_SEARCH_USER_PATHS = NO;
				ASSETCATALOG_COMPILER_GENERATE_SWIFT_ASSET_SYMBOL_EXTENSIONS = YES;
				CLANG_ANALYZER_NONNULL = YES;
				CLANG_ANALYZER_NUMBER_OBJECT_CONVERSION = YES_AGGRESSIVE;
				CLANG_CXX_LANGUAGE_STANDARD = "gnu++20";
				CLANG_ENABLE_MODULES = YES;
				CLANG_ENABLE_OBJC_ARC = YES;
				CLANG_ENABLE_OBJC_WEAK = YES;
				CLANG_WARN_BLOCK_CAPTURE_AUTORELEASING = YES;
				CLANG_WARN_BOOL_CONVERSION = YES;
				CLANG_WARN_COMMA = YES;
				CLANG_WARN_CONSTANT_CONVERSION = YES;
				CLANG_WARN_DEPRECATED_OBJC_IMPLEMENTATIONS = YES;
				CLANG_WARN_DIRECT_OBJC_ISA_USAGE = YES_ERROR;
				CLANG_WARN_DOCUMENTATION_COMMENTS = YES;
				CLANG_WARN_EMPTY_BODY = YES;
				CLANG_WARN_ENUM_CONVERSION = YES;
				CLANG_WARN_INFINITE_RECURSION = YES;
				CLANG_WARN_INT_CONVERSION = YES;
				CLANG_WARN_NON_LITERAL_NULL_CONVERSION = YES;
				CLANG_WARN_OBJC_IMPLICIT_RETAIN_SELF = YES;
				CLANG_WARN_OBJC_LITERAL_CONVERSION = YES;
				CLANG_WARN_OBJC_ROOT_CLASS = YES_ERROR;
				CLANG_WARN_QUOTED_INCLUDE_IN_FRAMEWORK_HEADER = YES;
				CLANG_WARN_RANGE_LOOP_ANALYSIS = YES;
				CLANG_WARN_STRICT_PROTOTYPES = YES;
				CLANG_WARN_SUSPICIOUS_MOVE = YES;
				CLANG_WARN_UNGUARDED_AVAILABILITY = YES_AGGRESSIVE;
				CLANG_WARN_UNREACHABLE_CODE = YES;
				CLANG_WARN__DUPLICATE_METHOD_MATCH = YES;
				COPY_PHASE_STRIP = NO;
				DEBUG_INFORMATION_FORMAT = "dwarf-with-dsym";
				ENABLE_NS_ASSERTIONS = NO;
				ENABLE_STRICT_OBJC_MSGSEND = YES;
				ENABLE_USER_SCRIPT_SANDBOXING = YES;
				GCC_C_LANGUAGE_STANDARD = gnu17;
				GCC_NO_COMMON_BLOCKS = YES;
				GCC_WARN_64_TO_32_BIT_CONVERSION = YES;
				GCC_WARN_ABOUT_RETURN_TYPE = YES_ERROR;
				GCC_WARN_UNDECLARED_SELECTOR = YES;
				GCC_WARN_UNINITIALIZED_AUTOS = YES_AGGRESSIVE;
				GCC_WARN_UNUSED_FUNCTION = YES;
				GCC_WARN_UNUSED_VARIABLE = YES;
				IPHONEOS_DEPLOYMENT_TARGET = 17.4;
				LOCALIZATION_PREFERS_STRING_CATALOGS = YES;
				MTL_ENABLE_DEBUG_INFO = NO;
				MTL_FAST_MATH = YES;
				SDKROOT = iphoneos;
				SWIFT_COMPILATION_MODE = wholemodule;
				VALIDATE_PRODUCT = YES;
			};
			name = Release;
		};
		4FC42C5E2C89F1C000CFA06E /* Debug */ = {
			isa = XCBuildConfiguration;
			buildSettings = {
				ASSETCATALOG_COMPILER_APPICON_NAME = AppIcon;
				ASSETCATALOG_COMPILER_GLOBAL_ACCENT_COLOR_NAME = AccentColor;
				CODE_SIGN_STYLE = Automatic;
				CURRENT_PROJECT_VERSION = 1;
				DEVELOPMENT_TEAM = 83DBFM2KCW;
				GENERATE_INFOPLIST_FILE = YES;
				INFOPLIST_FILE = VK_mimiApps/Info.plist;
				INFOPLIST_KEY_UIApplicationSupportsIndirectInputEvents = YES;
				INFOPLIST_KEY_UILaunchStoryboardName = LaunchScreen;
				INFOPLIST_KEY_UISupportedInterfaceOrientations_iPad = "UIInterfaceOrientationPortrait UIInterfaceOrientationPortraitUpsideDown UIInterfaceOrientationLandscapeLeft UIInterfaceOrientationLandscapeRight";
				INFOPLIST_KEY_UISupportedInterfaceOrientations_iPhone = "UIInterfaceOrientationPortrait UIInterfaceOrientationLandscapeLeft UIInterfaceOrientationLandscapeRight";
				LD_RUNPATH_SEARCH_PATHS = (
					"$(inherited)",
					"@executable_path/Frameworks",
				);
				MARKETING_VERSION = 1.0;
				PRODUCT_BUNDLE_IDENTIFIER = "opium.VK-mimiApps";
				PRODUCT_NAME = "$(TARGET_NAME)";
				SWIFT_EMIT_LOC_STRINGS = YES;
				SWIFT_VERSION = 5.0;
				TARGETED_DEVICE_FAMILY = "1,2";
			};
			name = Debug;
		};
		4FC42C5F2C89F1C000CFA06E /* Release */ = {
			isa = XCBuildConfiguration;
			buildSettings = {
				ASSETCATALOG_COMPILER_APPICON_NAME = AppIcon;
				ASSETCATALOG_COMPILER_GLOBAL_ACCENT_COLOR_NAME = AccentColor;
				CODE_SIGN_STYLE = Automatic;
				CURRENT_PROJECT_VERSION = 1;
				DEVELOPMENT_TEAM = 83DBFM2KCW;
				GENERATE_INFOPLIST_FILE = YES;
				INFOPLIST_FILE = VK_mimiApps/Info.plist;
				INFOPLIST_KEY_UIApplicationSupportsIndirectInputEvents = YES;
				INFOPLIST_KEY_UILaunchStoryboardName = LaunchScreen;
				INFOPLIST_KEY_UISupportedInterfaceOrientations_iPad = "UIInterfaceOrientationPortrait UIInterfaceOrientationPortraitUpsideDown UIInterfaceOrientationLandscapeLeft UIInterfaceOrientationLandscapeRight";
				INFOPLIST_KEY_UISupportedInterfaceOrientations_iPhone = "UIInterfaceOrientationPortrait UIInterfaceOrientationLandscapeLeft UIInterfaceOrientationLandscapeRight";
				LD_RUNPATH_SEARCH_PATHS = (
					"$(inherited)",
					"@executable_path/Frameworks",
				);
				MARKETING_VERSION = 1.0;
				PRODUCT_BUNDLE_IDENTIFIER = "opium.VK-mimiApps";
				PRODUCT_NAME = "$(TARGET_NAME)";
				SWIFT_EMIT_LOC_STRINGS = YES;
				SWIFT_VERSION = 5.0;
				TARGETED_DEVICE_FAMILY = "1,2";
			};
			name = Release;
		};
/* End XCBuildConfiguration section */

/* Begin XCConfigurationList section */
		4FC42C442C89F1BF00CFA06E /* Build configuration list for PBXProject "VK_mimiApps" */ = {
			isa = XCConfigurationList;
			buildConfigurations = (
				4FC42C5B2C89F1C000CFA06E /* Debug */,
				4FC42C5C2C89F1C000CFA06E /* Release */,
			);
			defaultConfigurationIsVisible = 0;
			defaultConfigurationName = Release;
		};
		4FC42C5D2C89F1C000CFA06E /* Build configuration list for PBXNativeTarget "VK_mimiApps" */ = {
			isa = XCConfigurationList;
			buildConfigurations = (
				4FC42C5E2C89F1C000CFA06E /* Debug */,
				4FC42C5F2C89F1C000CFA06E /* Release */,
			);
			defaultConfigurationIsVisible = 0;
			defaultConfigurationName = Release;
		};
/* End XCConfigurationList section */

/* Begin XCRemoteSwiftPackageReference section */
		4F2AC7022C8E28C5006ECADC /* XCRemoteSwiftPackageReference "CurrentCity" */ = {
			isa = XCRemoteSwiftPackageReference;
			repositoryURL = "https://github.com/JessiePinkMann/CurrentCity";
			requirement = {
				branch = main;
				kind = branch;
			};
		};
		4F67E5AB2C8E207B0090B2F3 /* XCRemoteSwiftPackageReference "weather" */ = {
			isa = XCRemoteSwiftPackageReference;
			repositoryURL = "https://github.com/JessiePinkMann/weather";
			requirement = {
				branch = main;
				kind = branch;
			};
		};
		4F777FCD2C8E2A88005E8627 /* XCRemoteSwiftPackageReference "TicTacToe" */ = {
			isa = XCRemoteSwiftPackageReference;
			repositoryURL = "https://github.com/JessiePinkMann/TicTacToe.git";
			requirement = {
				branch = main;
				kind = branch;
			};
		};
		4F777FD02C8E2BEE005E8627 /* XCRemoteSwiftPackageReference "FifteenGame" */ = {
			isa = XCRemoteSwiftPackageReference;
			repositoryURL = "https://github.com/JessiePinkMann/FifteenGame";
			requirement = {
				branch = main;
				kind = branch;
			};
		};
		4F82BD292C8E2E3A0083FC81 /* XCRemoteSwiftPackageReference "MathGame" */ = {
			isa = XCRemoteSwiftPackageReference;
			repositoryURL = "https://github.com/JessiePinkMann/MathGame.git";
			requirement = {
				branch = main;
				kind = branch;
			};
		};
/* End XCRemoteSwiftPackageReference section */

/* Begin XCSwiftPackageProductDependency section */
		4F2AC7032C8E28C5006ECADC /* CurrentCity */ = {
			isa = XCSwiftPackageProductDependency;
			package = 4F2AC7022C8E28C5006ECADC /* XCRemoteSwiftPackageReference "CurrentCity" */;
			productName = CurrentCity;
		};
		4F67E5AC2C8E207B0090B2F3 /* Weather */ = {
			isa = XCSwiftPackageProductDependency;
			package = 4F67E5AB2C8E207B0090B2F3 /* XCRemoteSwiftPackageReference "weather" */;
			productName = Weather;
		};
		4F777FCE2C8E2A88005E8627 /* TicTacToe */ = {
			isa = XCSwiftPackageProductDependency;
			package = 4F777FCD2C8E2A88005E8627 /* XCRemoteSwiftPackageReference "TicTacToe" */;
			productName = TicTacToe;
		};
		4F777FD12C8E2BEE005E8627 /* Fifteen */ = {
			isa = XCSwiftPackageProductDependency;
			package = 4F777FD02C8E2BEE005E8627 /* XCRemoteSwiftPackageReference "FifteenGame" */;
			productName = Fifteen;
		};
		4F82BD2A2C8E2E3A0083FC81 /* MathGame */ = {
			isa = XCSwiftPackageProductDependency;
			package = 4F82BD292C8E2E3A0083FC81 /* XCRemoteSwiftPackageReference "MathGame" */;
			productName = MathGame;
		};
/* End XCSwiftPackageProductDependency section */
	};
	rootObject = 4FC42C412C89F1BF00CFA06E /* Project object */;
}
